Microsoft Visual Studio Solution File, Format Version 8.00
Project("{FAE04EC0-301F-11D3-BF4B-00C04F79EFBC}") = "TSBSeasonGen", "TSBSeasonGen.csproj", "{593E5874-4386-40EF-AE9B-061FCA5E35C9}"
	ProjectSection(ProjectDependencies) = postProject
	EndProjectSection
EndProject
Global
	GlobalSection(SolutionConfiguration) = preSolution
		Debug = Debug
		Release = Release
	EndGlobalSection
	GlobalSection(ProjectConfiguration) = postSolution
		{593E5874-4386-40EF-AE9B-061FCA5E35C9}.Debug.ActiveCfg = Debug|.NET
		{593E5874-4386-40EF-AE9B-061FCA5E35C9}.Debug.Build.0 = Debug|.NET
		{593E5874-4386-40EF-AE9B-061FCA5E35C9}.Release.ActiveCfg = Release|.NET
		{593E5874-4386-40EF-AE9B-061FCA5E35C9}.Release.Build.0 = Release|.NET
	EndGlobalSection
	GlobalSection(ExtensibilityGlobals) = postSolution
	EndGlobalSection
	GlobalSection(ExtensibilityAddIns) = postSolution
	EndGlobalSection
EndGlobal
